
Microsoft Visual Studio Solution File, Format Version 12.00
# Visual Studio 14
VisualStudioVersion = 14.0.25420.1
MinimumVisualStudioVersion = 10.0.40219.1
Project("{FAE04EC0-301F-11D3-BF4B-00C04F79EFBC}") = "EPS.DtoMaker", "EPS.DtoMaker.csproj", "{16EE762B-0982-4D9E-918C-9F0B8F13D1EA}"
EndProject
Project("{FAE04EC0-301F-11D3-BF4B-00C04F79EFBC}") = "TestProject.ForDtoReceive", "TestProject.ForDtoReceive\TestProject.ForDtoReceive.csproj", "{4F6F1245-55C2-4EFB-B0AF-CF64EAC4AD5C}"
EndProject
Global
	GlobalSection(SolutionConfigurationPlatforms) = preSolution
		Debug|Any CPU = Debug|Any CPU
		Release|Any CPU = Release|Any CPU
	EndGlobalSection
	GlobalSection(ProjectConfigurationPlatforms) = postSolution
		{16EE762B-0982-4D9E-918C-9F0B8F13D1EA}.Debug|Any CPU.ActiveCfg = Debug|Any CPU
		{16EE762B-0982-4D9E-918C-9F0B8F13D1EA}.Debug|Any CPU.Build.0 = Debug|Any CPU
		{16EE762B-0982-4D9E-918C-9F0B8F13D1EA}.Release|Any CPU.ActiveCfg = Release|Any CPU
		{16EE762B-0982-4D9E-918C-9F0B8F13D1EA}.Release|Any CPU.Build.0 = Release|Any CPU
		{4F6F1245-55C2-4EFB-B0AF-CF64EAC4AD5C}.Debug|Any CPU.ActiveCfg = Debug|Any CPU
		{4F6F1245-55C2-4EFB-B0AF-CF64EAC4AD5C}.Debug|Any CPU.Build.0 = Debug|Any CPU
		{4F6F1245-55C2-4EFB-B0AF-CF64EAC4AD5C}.Release|Any CPU.ActiveCfg = Release|Any CPU
		{4F6F1245-55C2-4EFB-B0AF-CF64EAC4AD5C}.Release|Any CPU.Build.0 = Release|Any CPU
	EndGlobalSection
	GlobalSection(SolutionProperties) = preSolution
		HideSolutionNode = FALSE
	EndGlobalSection
EndGlobal
