
Microsoft Visual Studio Solution File, Format Version 12.00
# Visual Studio 14
VisualStudioVersion = 14.0.25420.1
MinimumVisualStudioVersion = 10.0.40219.1
Project("{FAE04EC0-301F-11D3-BF4B-00C04F79EFBC}") = "WebApiTestApp1", "WebApiTestApp1.csproj", "{02FC8B3D-C3BC-4880-B9EE-EB1B87EE0CE3}"
EndProject
Global
	GlobalSection(SolutionConfigurationPlatforms) = preSolution
		Debug|Any CPU = Debug|Any CPU
		Release|Any CPU = Release|Any CPU
	EndGlobalSection
	GlobalSection(ProjectConfigurationPlatforms) = postSolution
		{02FC8B3D-C3BC-4880-B9EE-EB1B87EE0CE3}.Debug|Any CPU.ActiveCfg = Debug|Any CPU
		{02FC8B3D-C3BC-4880-B9EE-EB1B87EE0CE3}.Debug|Any CPU.Build.0 = Debug|Any CPU
		{02FC8B3D-C3BC-4880-B9EE-EB1B87EE0CE3}.Release|Any CPU.ActiveCfg = Release|Any CPU
		{02FC8B3D-C3BC-4880-B9EE-EB1B87EE0CE3}.Release|Any CPU.Build.0 = Release|Any CPU
	EndGlobalSection
	GlobalSection(SolutionProperties) = preSolution
		HideSolutionNode = FALSE
	EndGlobalSection
EndGlobal
