
Microsoft Visual Studio Solution File, Format Version 12.00
# Visual Studio 14
VisualStudioVersion = 14.0.25420.1
MinimumVisualStudioVersion = 10.0.40219.1
Project("{FAE04EC0-301F-11D3-BF4B-00C04F79EFBC}") = "Eps.CsToDb.Meta", "Eps.CsToDb.Meta\Eps.CsToDb.Meta.csproj", "{B82F96AF-6B7E-4A99-8CDE-7AB3C84D794A}"
EndProject
Project("{FAE04EC0-301F-11D3-BF4B-00C04F79EFBC}") = "Eps.CsToDb.Model", "Eps.CsToDb.Model\Eps.CsToDb.Model.csproj", "{F2192834-9CDD-41BA-93CE-56512D25A630}"
	ProjectSection(ProjectDependencies) = postProject
		{B82F96AF-6B7E-4A99-8CDE-7AB3C84D794A} = {B82F96AF-6B7E-4A99-8CDE-7AB3C84D794A}
	EndProjectSection
EndProject
Project("{FAE04EC0-301F-11D3-BF4B-00C04F79EFBC}") = "Eps.CsToDb.Builder", "Eps.CsToDb.Builder\Eps.CsToDb.Builder.csproj", "{A5D97C45-138D-4414-81B8-BEFC9ECEFBBD}"
	ProjectSection(ProjectDependencies) = postProject
		{B82F96AF-6B7E-4A99-8CDE-7AB3C84D794A} = {B82F96AF-6B7E-4A99-8CDE-7AB3C84D794A}
	EndProjectSection
EndProject
Project("{FAE04EC0-301F-11D3-BF4B-00C04F79EFBC}") = "Eps.CsToDb", "Eps.CsToDb\Eps.CsToDb.csproj", "{EC6D25F3-43F2-40F7-9235-08E852443B8D}"
	ProjectSection(ProjectDependencies) = postProject
		{F2192834-9CDD-41BA-93CE-56512D25A630} = {F2192834-9CDD-41BA-93CE-56512D25A630}
		{A5D97C45-138D-4414-81B8-BEFC9ECEFBBD} = {A5D97C45-138D-4414-81B8-BEFC9ECEFBBD}
	EndProjectSection
EndProject
Global
	GlobalSection(SolutionConfigurationPlatforms) = preSolution
		Debug|Any CPU = Debug|Any CPU
		Release|Any CPU = Release|Any CPU
	EndGlobalSection
	GlobalSection(ProjectConfigurationPlatforms) = postSolution
		{B82F96AF-6B7E-4A99-8CDE-7AB3C84D794A}.Debug|Any CPU.ActiveCfg = Debug|Any CPU
		{B82F96AF-6B7E-4A99-8CDE-7AB3C84D794A}.Debug|Any CPU.Build.0 = Debug|Any CPU
		{B82F96AF-6B7E-4A99-8CDE-7AB3C84D794A}.Release|Any CPU.ActiveCfg = Release|Any CPU
		{B82F96AF-6B7E-4A99-8CDE-7AB3C84D794A}.Release|Any CPU.Build.0 = Release|Any CPU
		{F2192834-9CDD-41BA-93CE-56512D25A630}.Debug|Any CPU.ActiveCfg = Debug|Any CPU
		{F2192834-9CDD-41BA-93CE-56512D25A630}.Debug|Any CPU.Build.0 = Debug|Any CPU
		{F2192834-9CDD-41BA-93CE-56512D25A630}.Release|Any CPU.ActiveCfg = Release|Any CPU
		{F2192834-9CDD-41BA-93CE-56512D25A630}.Release|Any CPU.Build.0 = Release|Any CPU
		{A5D97C45-138D-4414-81B8-BEFC9ECEFBBD}.Debug|Any CPU.ActiveCfg = Debug|Any CPU
		{A5D97C45-138D-4414-81B8-BEFC9ECEFBBD}.Debug|Any CPU.Build.0 = Debug|Any CPU
		{A5D97C45-138D-4414-81B8-BEFC9ECEFBBD}.Release|Any CPU.ActiveCfg = Release|Any CPU
		{A5D97C45-138D-4414-81B8-BEFC9ECEFBBD}.Release|Any CPU.Build.0 = Release|Any CPU
		{EC6D25F3-43F2-40F7-9235-08E852443B8D}.Debug|Any CPU.ActiveCfg = Debug|Any CPU
		{EC6D25F3-43F2-40F7-9235-08E852443B8D}.Debug|Any CPU.Build.0 = Debug|Any CPU
		{EC6D25F3-43F2-40F7-9235-08E852443B8D}.Release|Any CPU.ActiveCfg = Release|Any CPU
		{EC6D25F3-43F2-40F7-9235-08E852443B8D}.Release|Any CPU.Build.0 = Release|Any CPU
	EndGlobalSection
	GlobalSection(SolutionProperties) = preSolution
		HideSolutionNode = FALSE
	EndGlobalSection
EndGlobal
